
Microsoft Visual Studio Solution File, Format Version 12.00
# Visual Studio Version 17
VisualStudioVersion = 17.9.34723.18
MinimumVisualStudioVersion = 10.0.40219.1
Project("{FAE04EC0-301F-11D3-BF4B-00C04F79EFBC}") = "introForGitHub", "introForGitHub\introForGitHub.csproj", "{399C9422-B0EB-4FAF-B6FD-B4D73FD3D969}"
EndProject
Global
	GlobalSection(SolutionConfigurationPlatforms) = preSolution
		Debug|Any CPU = Debug|Any CPU
		Release|Any CPU = Release|Any CPU
	EndGlobalSection
	GlobalSection(ProjectConfigurationPlatforms) = postSolution
		{399C9422-B0EB-4FAF-B6FD-B4D73FD3D969}.Debug|Any CPU.ActiveCfg = Debug|Any CPU
		{399C9422-B0EB-4FAF-B6FD-B4D73FD3D969}.Debug|Any CPU.Build.0 = Debug|Any CPU
		{399C9422-B0EB-4FAF-B6FD-B4D73FD3D969}.Release|Any CPU.ActiveCfg = Release|Any CPU
		{399C9422-B0EB-4FAF-B6FD-B4D73FD3D969}.Release|Any CPU.Build.0 = Release|Any CPU
	EndGlobalSection
	GlobalSection(SolutionProperties) = preSolution
		HideSolutionNode = FALSE
	EndGlobalSection
	GlobalSection(ExtensibilityGlobals) = postSolution
		SolutionGuid = {E1C99893-788E-4CF2-9CD9-83F55F04DBE5}
	EndGlobalSection
EndGlobal
